
Microsoft Visual Studio Solution File, Format Version 12.00
# Visual Studio Version 17
VisualStudioVersion = 17.8.34525.116
MinimumVisualStudioVersion = 10.0.40219.1
Project("{FAE04EC0-301F-11D3-BF4B-00C04F79EFBC}") = "21.02.24", "21.02.24\21.02.24.csproj", "{163C524D-EB9E-4B36-A85B-3AAF61751E90}"
EndProject
Project("{FAE04EC0-301F-11D3-BF4B-00C04F79EFBC}") = "zad2", "zad2\zad2.csproj", "{91E45D4E-6360-49D3-BCF4-F7B607DCFBD4}"
EndProject
Project("{FAE04EC0-301F-11D3-BF4B-00C04F79EFBC}") = "zad23", "zad23\zad23.csproj", "{EED1890B-C3A8-4B5A-9647-7ABC89388BD8}"
EndProject
Global
	GlobalSection(SolutionConfigurationPlatforms) = preSolution
		Debug|Any CPU = Debug|Any CPU
		Release|Any CPU = Release|Any CPU
	EndGlobalSection
	GlobalSection(ProjectConfigurationPlatforms) = postSolution
		{163C524D-EB9E-4B36-A85B-3AAF61751E90}.Debug|Any CPU.ActiveCfg = Debug|Any CPU
		{163C524D-EB9E-4B36-A85B-3AAF61751E90}.Debug|Any CPU.Build.0 = Debug|Any CPU
		{163C524D-EB9E-4B36-A85B-3AAF61751E90}.Release|Any CPU.ActiveCfg = Release|Any CPU
		{163C524D-EB9E-4B36-A85B-3AAF61751E90}.Release|Any CPU.Build.0 = Release|Any CPU
		{91E45D4E-6360-49D3-BCF4-F7B607DCFBD4}.Debug|Any CPU.ActiveCfg = Debug|Any CPU
		{91E45D4E-6360-49D3-BCF4-F7B607DCFBD4}.Debug|Any CPU.Build.0 = Debug|Any CPU
		{91E45D4E-6360-49D3-BCF4-F7B607DCFBD4}.Release|Any CPU.ActiveCfg = Release|Any CPU
		{91E45D4E-6360-49D3-BCF4-F7B607DCFBD4}.Release|Any CPU.Build.0 = Release|Any CPU
		{EED1890B-C3A8-4B5A-9647-7ABC89388BD8}.Debug|Any CPU.ActiveCfg = Debug|Any CPU
		{EED1890B-C3A8-4B5A-9647-7ABC89388BD8}.Debug|Any CPU.Build.0 = Debug|Any CPU
		{EED1890B-C3A8-4B5A-9647-7ABC89388BD8}.Release|Any CPU.ActiveCfg = Release|Any CPU
		{EED1890B-C3A8-4B5A-9647-7ABC89388BD8}.Release|Any CPU.Build.0 = Release|Any CPU
	EndGlobalSection
	GlobalSection(SolutionProperties) = preSolution
		HideSolutionNode = FALSE
	EndGlobalSection
	GlobalSection(ExtensibilityGlobals) = postSolution
		SolutionGuid = {21517514-A84B-45C7-BBFE-09AFDABBEAB4}
	EndGlobalSection
EndGlobal
