
Microsoft Visual Studio Solution File, Format Version 12.00
# Visual Studio Version 17
VisualStudioVersion = 17.9.34622.214
MinimumVisualStudioVersion = 10.0.40219.1
Project("{FAE04EC0-301F-11D3-BF4B-00C04F79EFBC}") = "20.03.24", "20.03.24\20.03.24.csproj", "{3D7857E3-AFDA-49E3-BD81-BDA274B753C8}"
EndProject
Global
	GlobalSection(SolutionConfigurationPlatforms) = preSolution
		Debug|Any CPU = Debug|Any CPU
		Release|Any CPU = Release|Any CPU
	EndGlobalSection
	GlobalSection(ProjectConfigurationPlatforms) = postSolution
		{3D7857E3-AFDA-49E3-BD81-BDA274B753C8}.Debug|Any CPU.ActiveCfg = Debug|Any CPU
		{3D7857E3-AFDA-49E3-BD81-BDA274B753C8}.Debug|Any CPU.Build.0 = Debug|Any CPU
		{3D7857E3-AFDA-49E3-BD81-BDA274B753C8}.Release|Any CPU.ActiveCfg = Release|Any CPU
		{3D7857E3-AFDA-49E3-BD81-BDA274B753C8}.Release|Any CPU.Build.0 = Release|Any CPU
	EndGlobalSection
	GlobalSection(SolutionProperties) = preSolution
		HideSolutionNode = FALSE
	EndGlobalSection
	GlobalSection(ExtensibilityGlobals) = postSolution
		SolutionGuid = {4E94DF6B-DF7E-4638-961E-9108B2BCA509}
	EndGlobalSection
EndGlobal
