
Microsoft Visual Studio Solution File, Format Version 12.00
# Visual Studio Version 17
VisualStudioVersion = 17.8.34525.116
MinimumVisualStudioVersion = 10.0.40219.1
Project("{FAE04EC0-301F-11D3-BF4B-00C04F79EFBC}") = "26.02.24", "26.02.24\26.02.24.csproj", "{0B34DFB0-EDF5-4B33-8B46-1D59AF5041B9}"
EndProject
Global
	GlobalSection(SolutionConfigurationPlatforms) = preSolution
		Debug|Any CPU = Debug|Any CPU
		Release|Any CPU = Release|Any CPU
	EndGlobalSection
	GlobalSection(ProjectConfigurationPlatforms) = postSolution
		{0B34DFB0-EDF5-4B33-8B46-1D59AF5041B9}.Debug|Any CPU.ActiveCfg = Debug|Any CPU
		{0B34DFB0-EDF5-4B33-8B46-1D59AF5041B9}.Debug|Any CPU.Build.0 = Debug|Any CPU
		{0B34DFB0-EDF5-4B33-8B46-1D59AF5041B9}.Release|Any CPU.ActiveCfg = Release|Any CPU
		{0B34DFB0-EDF5-4B33-8B46-1D59AF5041B9}.Release|Any CPU.Build.0 = Release|Any CPU
	EndGlobalSection
	GlobalSection(SolutionProperties) = preSolution
		HideSolutionNode = FALSE
	EndGlobalSection
	GlobalSection(ExtensibilityGlobals) = postSolution
		SolutionGuid = {7F48A38D-BF6F-4B7B-86AC-C85943F41CEC}
	EndGlobalSection
EndGlobal
